
Microsoft Visual Studio Solution File, Format Version 12.00
# Visual Studio Version 16
VisualStudioVersion = 16.0.30711.63
MinimumVisualStudioVersion = 10.0.40219.1
Project("{8BC9CEB8-8B4A-11D0-8D11-00A0C91BC942}") = "结构体", "结构体\结构体.vcxproj", "{2D4FBBBD-529E-47D4-AE11-3056B484F22E}"
EndProject
Global
	GlobalSection(SolutionConfigurationPlatforms) = preSolution
		Debug|x64 = Debug|x64
		Debug|x86 = Debug|x86
		Release|x64 = Release|x64
		Release|x86 = Release|x86
	EndGlobalSection
	GlobalSection(ProjectConfigurationPlatforms) = postSolution
		{2D4FBBBD-529E-47D4-AE11-3056B484F22E}.Debug|x64.ActiveCfg = Debug|x64
		{2D4FBBBD-529E-47D4-AE11-3056B484F22E}.Debug|x64.Build.0 = Debug|x64
		{2D4FBBBD-529E-47D4-AE11-3056B484F22E}.Debug|x86.ActiveCfg = Debug|Win32
		{2D4FBBBD-529E-47D4-AE11-3056B484F22E}.Debug|x86.Build.0 = Debug|Win32
		{2D4FBBBD-529E-47D4-AE11-3056B484F22E}.Release|x64.ActiveCfg = Release|x64
		{2D4FBBBD-529E-47D4-AE11-3056B484F22E}.Release|x64.Build.0 = Release|x64
		{2D4FBBBD-529E-47D4-AE11-3056B484F22E}.Release|x86.ActiveCfg = Release|Win32
		{2D4FBBBD-529E-47D4-AE11-3056B484F22E}.Release|x86.Build.0 = Release|Win32
	EndGlobalSection
	GlobalSection(SolutionProperties) = preSolution
		HideSolutionNode = FALSE
	EndGlobalSection
	GlobalSection(ExtensibilityGlobals) = postSolution
		SolutionGuid = {6C226EA6-B274-4B6E-9E01-CBF2779DDEC1}
	EndGlobalSection
EndGlobal
