
Microsoft Visual Studio Solution File, Format Version 12.00
# Visual Studio Version 16
VisualStudioVersion = 16.0.30611.23
MinimumVisualStudioVersion = 10.0.40219.1
Project("{8BC9CEB8-8B4A-11D0-8D11-00A0C91BC942}") = "上机实验5 10.21", "上机实验5 10.21\上机实验5 10.21.vcxproj", "{80271E07-1590-4625-9348-A84A84C06364}"
EndProject
Global
	GlobalSection(SolutionConfigurationPlatforms) = preSolution
		Debug|x64 = Debug|x64
		Debug|x86 = Debug|x86
		Release|x64 = Release|x64
		Release|x86 = Release|x86
	EndGlobalSection
	GlobalSection(ProjectConfigurationPlatforms) = postSolution
		{80271E07-1590-4625-9348-A84A84C06364}.Debug|x64.ActiveCfg = Debug|x64
		{80271E07-1590-4625-9348-A84A84C06364}.Debug|x64.Build.0 = Debug|x64
		{80271E07-1590-4625-9348-A84A84C06364}.Debug|x86.ActiveCfg = Debug|Win32
		{80271E07-1590-4625-9348-A84A84C06364}.Debug|x86.Build.0 = Debug|Win32
		{80271E07-1590-4625-9348-A84A84C06364}.Release|x64.ActiveCfg = Release|x64
		{80271E07-1590-4625-9348-A84A84C06364}.Release|x64.Build.0 = Release|x64
		{80271E07-1590-4625-9348-A84A84C06364}.Release|x86.ActiveCfg = Release|Win32
		{80271E07-1590-4625-9348-A84A84C06364}.Release|x86.Build.0 = Release|Win32
	EndGlobalSection
	GlobalSection(SolutionProperties) = preSolution
		HideSolutionNode = FALSE
	EndGlobalSection
	GlobalSection(ExtensibilityGlobals) = postSolution
		SolutionGuid = {B41C4072-88A6-4482-A97C-848D2F306E16}
	EndGlobalSection
EndGlobal
