
Microsoft Visual Studio Solution File, Format Version 12.00
# Visual Studio Version 16
VisualStudioVersion = 16.0.30517.126
MinimumVisualStudioVersion = 10.0.40219.1
Project("{8BC9CEB8-8B4A-11D0-8D11-00A0C91BC942}") = "上机实验3（9.30）", "上机实验3（9.30）\上机实验3（9.30）.vcxproj", "{3D8C9584-21E7-4514-A7A4-3113D2C24C82}"
EndProject
Global
	GlobalSection(SolutionConfigurationPlatforms) = preSolution
		Debug|x64 = Debug|x64
		Debug|x86 = Debug|x86
		Release|x64 = Release|x64
		Release|x86 = Release|x86
	EndGlobalSection
	GlobalSection(ProjectConfigurationPlatforms) = postSolution
		{3D8C9584-21E7-4514-A7A4-3113D2C24C82}.Debug|x64.ActiveCfg = Debug|x64
		{3D8C9584-21E7-4514-A7A4-3113D2C24C82}.Debug|x64.Build.0 = Debug|x64
		{3D8C9584-21E7-4514-A7A4-3113D2C24C82}.Debug|x86.ActiveCfg = Debug|Win32
		{3D8C9584-21E7-4514-A7A4-3113D2C24C82}.Debug|x86.Build.0 = Debug|Win32
		{3D8C9584-21E7-4514-A7A4-3113D2C24C82}.Release|x64.ActiveCfg = Release|x64
		{3D8C9584-21E7-4514-A7A4-3113D2C24C82}.Release|x64.Build.0 = Release|x64
		{3D8C9584-21E7-4514-A7A4-3113D2C24C82}.Release|x86.ActiveCfg = Release|Win32
		{3D8C9584-21E7-4514-A7A4-3113D2C24C82}.Release|x86.Build.0 = Release|Win32
	EndGlobalSection
	GlobalSection(SolutionProperties) = preSolution
		HideSolutionNode = FALSE
	EndGlobalSection
	GlobalSection(ExtensibilityGlobals) = postSolution
		SolutionGuid = {112F075C-A038-4EA5-95EE-CA2557AA5501}
	EndGlobalSection
EndGlobal
